
Microsoft Visual Studio Solution File, Format Version 12.00
# Visual Studio Version 16
VisualStudioVersion = 16.0.34031.81
MinimumVisualStudioVersion = 10.0.40219.1
Project("{F184B08F-C81C-45F6-A57F-5ABD9991F28F}") = "HelloWorldSampleApp", "HelloWorldSampleApp\HelloWorldSampleApp.vbproj", "{4DC08782-AC03-48E3-B10F-F12ECF674080}"
EndProject
Global
	GlobalSection(SolutionConfigurationPlatforms) = preSolution
		Debug|Any CPU = Debug|Any CPU
		Release|Any CPU = Release|Any CPU
	EndGlobalSection
	GlobalSection(ProjectConfigurationPlatforms) = postSolution
		{4DC08782-AC03-48E3-B10F-F12ECF674080}.Debug|Any CPU.ActiveCfg = Debug|Any CPU
		{4DC08782-AC03-48E3-B10F-F12ECF674080}.Debug|Any CPU.Build.0 = Debug|Any CPU
		{4DC08782-AC03-48E3-B10F-F12ECF674080}.Release|Any CPU.ActiveCfg = Release|Any CPU
		{4DC08782-AC03-48E3-B10F-F12ECF674080}.Release|Any CPU.Build.0 = Release|Any CPU
	EndGlobalSection
	GlobalSection(SolutionProperties) = preSolution
		HideSolutionNode = FALSE
	EndGlobalSection
	GlobalSection(ExtensibilityGlobals) = postSolution
		SolutionGuid = {DEA2DCCA-FEE3-4219-8142-247B318873CC}
	EndGlobalSection
EndGlobal
